
Microsoft Visual Studio Solution File, Format Version 12.00
# Visual Studio 2012
Project("{FAE04EC0-301F-11D3-BF4B-00C04F79EFBC}") = "InternalsVisibleTo.ReSharper.8.x", "InternalsVisibleToHelper\InternalsVisibleTo.ReSharper.8.x.csproj", "{1F2C9F8F-F834-44E9-9046-2E898846851C}"
EndProject
Project("{FAE04EC0-301F-11D3-BF4B-00C04F79EFBC}") = "InternalsVisibleTo.ReSharper.7.x", "InternalsVisibleToHelper\InternalsVisibleTo.ReSharper.7.x.csproj", "{25BCC516-95A1-4F42-B167-DF5F49C5033C}"
EndProject
Global
	GlobalSection(SolutionConfigurationPlatforms) = preSolution
		Debug|Any CPU = Debug|Any CPU
		Release|Any CPU = Release|Any CPU
	EndGlobalSection
	GlobalSection(ProjectConfigurationPlatforms) = postSolution
		{1F2C9F8F-F834-44E9-9046-2E898846851C}.Debug|Any CPU.ActiveCfg = Debug|Any CPU
		{1F2C9F8F-F834-44E9-9046-2E898846851C}.Debug|Any CPU.Build.0 = Debug|Any CPU
		{1F2C9F8F-F834-44E9-9046-2E898846851C}.Release|Any CPU.ActiveCfg = Release|Any CPU
		{1F2C9F8F-F834-44E9-9046-2E898846851C}.Release|Any CPU.Build.0 = Release|Any CPU
		{25BCC516-95A1-4F42-B167-DF5F49C5033C}.Debug|Any CPU.ActiveCfg = Debug|Any CPU
		{25BCC516-95A1-4F42-B167-DF5F49C5033C}.Debug|Any CPU.Build.0 = Debug|Any CPU
		{25BCC516-95A1-4F42-B167-DF5F49C5033C}.Release|Any CPU.ActiveCfg = Release|Any CPU
		{25BCC516-95A1-4F42-B167-DF5F49C5033C}.Release|Any CPU.Build.0 = Release|Any CPU
	EndGlobalSection
	GlobalSection(SolutionProperties) = preSolution
		HideSolutionNode = FALSE
	EndGlobalSection
EndGlobal
